
Microsoft Visual Studio Solution File, Format Version 12.00
# Visual Studio Version 17
VisualStudioVersion = 17.3.32929.385
MinimumVisualStudioVersion = 10.0.40219.1
Project("{FAE04EC0-301F-11D3-BF4B-00C04F79EFBC}") = "Connect4Game", "Connect4Game\Connect4Game.csproj", "{72D4B709-A015-4D70-B264-E70C7F290072}"
EndProject
Global
	GlobalSection(SolutionConfigurationPlatforms) = preSolution
		Debug|Any CPU = Debug|Any CPU
		Release|Any CPU = Release|Any CPU
	EndGlobalSection
	GlobalSection(ProjectConfigurationPlatforms) = postSolution
		{72D4B709-A015-4D70-B264-E70C7F290072}.Debug|Any CPU.ActiveCfg = Debug|Any CPU
		{72D4B709-A015-4D70-B264-E70C7F290072}.Debug|Any CPU.Build.0 = Debug|Any CPU
		{72D4B709-A015-4D70-B264-E70C7F290072}.Release|Any CPU.ActiveCfg = Release|Any CPU
		{72D4B709-A015-4D70-B264-E70C7F290072}.Release|Any CPU.Build.0 = Release|Any CPU
	EndGlobalSection
	GlobalSection(SolutionProperties) = preSolution
		HideSolutionNode = FALSE
	EndGlobalSection
	GlobalSection(ExtensibilityGlobals) = postSolution
		SolutionGuid = {4D0B0859-D8F6-4BF1-A125-5D9D29D19699}
	EndGlobalSection
EndGlobal
